# This file is automatically @generated by Cargo.
# It is not intended for manual editing.
[[package]]
name = "Inflector"
version = "0.11.4"
source = "registry+https://github.com/rust-lang/crates.io-index"

[[package]]
name = "korrecte-autogen"
version = "0.1.0"
dependencies = [
 "Inflector 0.11.4 (registry+https://github.com/rust-lang/crates.io-index)",
]

[metadata]
"checksum Inflector 0.11.4 (registry+https://github.com/rust-lang/crates.io-index)" = "fe438c63458706e03479442743baae6c88256498e6431708f6dfc520a26515d3"
